
Microsoft Visual Studio Solution File, Format Version 12.00
# Visual Studio 15
VisualStudioVersion = 15.0.27703.2035
MinimumVisualStudioVersion = 10.0.40219.1
Project("{FAE04EC0-301F-11D3-BF4B-00C04F79EFBC}") = "WebApplication2", "WebApplication2\WebApplication2.csproj", "{570555D2-7118-48C8-B083-FBBA725430C0}"
EndProject
Global
	GlobalSection(SolutionConfigurationPlatforms) = preSolution
		Debug|Any CPU = Debug|Any CPU
		Release|Any CPU = Release|Any CPU
	EndGlobalSection
	GlobalSection(ProjectConfigurationPlatforms) = postSolution
		{570555D2-7118-48C8-B083-FBBA725430C0}.Debug|Any CPU.ActiveCfg = Debug|Any CPU
		{570555D2-7118-48C8-B083-FBBA725430C0}.Debug|Any CPU.Build.0 = Debug|Any CPU
		{570555D2-7118-48C8-B083-FBBA725430C0}.Release|Any CPU.ActiveCfg = Release|Any CPU
		{570555D2-7118-48C8-B083-FBBA725430C0}.Release|Any CPU.Build.0 = Release|Any CPU
	EndGlobalSection
	GlobalSection(SolutionProperties) = preSolution
		HideSolutionNode = FALSE
	EndGlobalSection
	GlobalSection(ExtensibilityGlobals) = postSolution
		SolutionGuid = {10D779B1-4814-43D8-AE74-C14305765772}
	EndGlobalSection
EndGlobal
